
Microsoft Visual Studio Solution File, Format Version 12.00
# Visual Studio 15
VisualStudioVersion = 15.0.28307.329
MinimumVisualStudioVersion = 10.0.40219.1
Project("{FAE04EC0-301F-11D3-BF4B-00C04F79EFBC}") = "NA_Amateur_LoL_League", "NA_Amateur_LoL_League\NA_Amateur_LoL_League.csproj", "{C198226F-DC0D-4410-BD92-FD355E54649B}"
EndProject
Global
	GlobalSection(SolutionConfigurationPlatforms) = preSolution
		Debug|Any CPU = Debug|Any CPU
		Release|Any CPU = Release|Any CPU
	EndGlobalSection
	GlobalSection(ProjectConfigurationPlatforms) = postSolution
		{C198226F-DC0D-4410-BD92-FD355E54649B}.Debug|Any CPU.ActiveCfg = Debug|Any CPU
		{C198226F-DC0D-4410-BD92-FD355E54649B}.Debug|Any CPU.Build.0 = Debug|Any CPU
		{C198226F-DC0D-4410-BD92-FD355E54649B}.Release|Any CPU.ActiveCfg = Release|Any CPU
		{C198226F-DC0D-4410-BD92-FD355E54649B}.Release|Any CPU.Build.0 = Release|Any CPU
	EndGlobalSection
	GlobalSection(SolutionProperties) = preSolution
		HideSolutionNode = FALSE
	EndGlobalSection
	GlobalSection(ExtensibilityGlobals) = postSolution
		SolutionGuid = {2277C2D2-6759-4EC3-A253-34D323C75677}
	EndGlobalSection
EndGlobal
