
Microsoft Visual Studio Solution File, Format Version 12.00
# Visual Studio Version 16
VisualStudioVersion = 16.0.29806.167
MinimumVisualStudioVersion = 10.0.40219.1
Project("{9A19103F-16F7-4668-BE54-9A1E7A4F7556}") = "DAL", "DAL\DAL.csproj", "{675CAE80-6D4C-49EF-B1AD-D88CFCF1E34D}"
EndProject
Project("{9A19103F-16F7-4668-BE54-9A1E7A4F7556}") = "Web", "Web\Web.csproj", "{66CCF35E-D15F-41B2-9A5C-FC526388331D}"
EndProject
Project("{9A19103F-16F7-4668-BE54-9A1E7A4F7556}") = "Domain", "Domain\Domain.csproj", "{663CB1FB-EA8F-46EB-BA6D-B2A7766F58A6}"
EndProject
Project("{2150E333-8FDC-42A3-9474-1A3956D46DE8}") = "RiotSharp", "RiotSharp", "{4509E055-98E4-4867-8EF0-9E7234A346EF}"
EndProject
Project("{9A19103F-16F7-4668-BE54-9A1E7A4F7556}") = "RiotSharp", "RiotSharp\RiotSharp.csproj", "{9C0CEB11-2F02-458D-BFE7-5DCBA88DCA33}"
EndProject
Project("{9A19103F-16F7-4668-BE54-9A1E7A4F7556}") = "RiotSharp.AspNetCore", "RiotSharp.AspNetCore\RiotSharp.AspNetCore.csproj", "{477AD2CE-FFED-40FC-B31E-BC24C7144130}"
EndProject
Project("{9A19103F-16F7-4668-BE54-9A1E7A4F7556}") = "TestProject", "TestProject\TestProject.csproj", "{F43C8E4A-F677-4C99-9180-04377446B63C}"
EndProject
Global
	GlobalSection(SolutionConfigurationPlatforms) = preSolution
		Debug|Any CPU = Debug|Any CPU
		Release|Any CPU = Release|Any CPU
	EndGlobalSection
	GlobalSection(ProjectConfigurationPlatforms) = postSolution
		{675CAE80-6D4C-49EF-B1AD-D88CFCF1E34D}.Debug|Any CPU.ActiveCfg = Debug|Any CPU
		{675CAE80-6D4C-49EF-B1AD-D88CFCF1E34D}.Debug|Any CPU.Build.0 = Debug|Any CPU
		{675CAE80-6D4C-49EF-B1AD-D88CFCF1E34D}.Release|Any CPU.ActiveCfg = Release|Any CPU
		{675CAE80-6D4C-49EF-B1AD-D88CFCF1E34D}.Release|Any CPU.Build.0 = Release|Any CPU
		{66CCF35E-D15F-41B2-9A5C-FC526388331D}.Debug|Any CPU.ActiveCfg = Debug|Any CPU
		{66CCF35E-D15F-41B2-9A5C-FC526388331D}.Debug|Any CPU.Build.0 = Debug|Any CPU
		{66CCF35E-D15F-41B2-9A5C-FC526388331D}.Release|Any CPU.ActiveCfg = Release|Any CPU
		{66CCF35E-D15F-41B2-9A5C-FC526388331D}.Release|Any CPU.Build.0 = Release|Any CPU
		{663CB1FB-EA8F-46EB-BA6D-B2A7766F58A6}.Debug|Any CPU.ActiveCfg = Debug|Any CPU
		{663CB1FB-EA8F-46EB-BA6D-B2A7766F58A6}.Debug|Any CPU.Build.0 = Debug|Any CPU
		{663CB1FB-EA8F-46EB-BA6D-B2A7766F58A6}.Release|Any CPU.ActiveCfg = Release|Any CPU
		{663CB1FB-EA8F-46EB-BA6D-B2A7766F58A6}.Release|Any CPU.Build.0 = Release|Any CPU
		{9C0CEB11-2F02-458D-BFE7-5DCBA88DCA33}.Debug|Any CPU.ActiveCfg = Debug|Any CPU
		{9C0CEB11-2F02-458D-BFE7-5DCBA88DCA33}.Debug|Any CPU.Build.0 = Debug|Any CPU
		{9C0CEB11-2F02-458D-BFE7-5DCBA88DCA33}.Release|Any CPU.ActiveCfg = Release|Any CPU
		{9C0CEB11-2F02-458D-BFE7-5DCBA88DCA33}.Release|Any CPU.Build.0 = Release|Any CPU
		{477AD2CE-FFED-40FC-B31E-BC24C7144130}.Debug|Any CPU.ActiveCfg = Debug|Any CPU
		{477AD2CE-FFED-40FC-B31E-BC24C7144130}.Debug|Any CPU.Build.0 = Debug|Any CPU
		{477AD2CE-FFED-40FC-B31E-BC24C7144130}.Release|Any CPU.ActiveCfg = Release|Any CPU
		{477AD2CE-FFED-40FC-B31E-BC24C7144130}.Release|Any CPU.Build.0 = Release|Any CPU
		{F43C8E4A-F677-4C99-9180-04377446B63C}.Debug|Any CPU.ActiveCfg = Debug|Any CPU
		{F43C8E4A-F677-4C99-9180-04377446B63C}.Debug|Any CPU.Build.0 = Debug|Any CPU
		{F43C8E4A-F677-4C99-9180-04377446B63C}.Release|Any CPU.ActiveCfg = Release|Any CPU
		{F43C8E4A-F677-4C99-9180-04377446B63C}.Release|Any CPU.Build.0 = Release|Any CPU
	EndGlobalSection
	GlobalSection(SolutionProperties) = preSolution
		HideSolutionNode = FALSE
	EndGlobalSection
	GlobalSection(NestedProjects) = preSolution
		{9C0CEB11-2F02-458D-BFE7-5DCBA88DCA33} = {4509E055-98E4-4867-8EF0-9E7234A346EF}
		{477AD2CE-FFED-40FC-B31E-BC24C7144130} = {4509E055-98E4-4867-8EF0-9E7234A346EF}
	EndGlobalSection
	GlobalSection(ExtensibilityGlobals) = postSolution
		SolutionGuid = {2277C2D2-6759-4EC3-A253-34D323C75677}
	EndGlobalSection
EndGlobal
